
Microsoft Visual Studio Solution File, Format Version 12.00
# Visual Studio Version 16
VisualStudioVersion = 16.0.29001.49
MinimumVisualStudioVersion = 10.0.40219.1
Project("{FAE04EC0-301F-11D3-BF4B-00C04F79EFBC}") = "MiniFerme", "MiniFerme\MiniFerme.csproj", "{CDFF88F8-C51C-46FB-A2F4-0ADC12B50CAE}"
EndProject
Global
	GlobalSection(SolutionConfigurationPlatforms) = preSolution
		Debug|Any CPU = Debug|Any CPU
		Release|Any CPU = Release|Any CPU
	EndGlobalSection
	GlobalSection(ProjectConfigurationPlatforms) = postSolution
		{CDFF88F8-C51C-46FB-A2F4-0ADC12B50CAE}.Debug|Any CPU.ActiveCfg = Debug|Any CPU
		{CDFF88F8-C51C-46FB-A2F4-0ADC12B50CAE}.Debug|Any CPU.Build.0 = Debug|Any CPU
		{CDFF88F8-C51C-46FB-A2F4-0ADC12B50CAE}.Release|Any CPU.ActiveCfg = Release|Any CPU
		{CDFF88F8-C51C-46FB-A2F4-0ADC12B50CAE}.Release|Any CPU.Build.0 = Release|Any CPU
	EndGlobalSection
	GlobalSection(SolutionProperties) = preSolution
		HideSolutionNode = FALSE
	EndGlobalSection
	GlobalSection(ExtensibilityGlobals) = postSolution
		SolutionGuid = {DDCFC58A-C813-4CD4-814D-8400D6021BC2}
	EndGlobalSection
EndGlobal
